// !$*UTF8*$!
{
	archiveVersion = 1;
	classes = {
	};
	objectVersion = 50;
	objects = {

/* Begin PBXBuildFile section */
		27FEA23E220E959D00D9A0F4 /* AppDelegate.swift in Sources */ = {isa = PBXBuildFile; fileRef = 27FEA23D220E959D00D9A0F4 /* AppDelegate.swift */; };
		27FEA240220E959D00D9A0F4 /* ViewController.swift in Sources */ = {isa = PBXBuildFile; fileRef = 27FEA23F220E959D00D9A0F4 /* ViewController.swift */; };
		27FEA243220E959D00D9A0F4 /* Main.storyboard in Resources */ = {isa = PBXBuildFile; fileRef = 27FEA241220E959D00D9A0F4 /* Main.storyboard */; };
		27FEA246220E959D00D9A0F4 /* ContactsApp.xcdatamodeld in Sources */ = {isa = PBXBuildFile; fileRef = 27FEA244220E959D00D9A0F4 /* ContactsApp.xcdatamodeld */; };
		27FEA248220E95A000D9A0F4 /* Assets.xcassets in Resources */ = {isa = PBXBuildFile; fileRef = 27FEA247220E95A000D9A0F4 /* Assets.xcassets */; };
		27FEA24B220E95A000D9A0F4 /* LaunchScreen.storyboard in Resources */ = {isa = PBXBuildFile; fileRef = 27FEA249220E95A000D9A0F4 /* LaunchScreen.storyboard */; };
		27FEA256220E95A000D9A0F4 /* ContactsAppTests.swift in Sources */ = {isa = PBXBuildFile; fileRef = 27FEA255220E95A000D9A0F4 /* ContactsAppTests.swift */; };
/* End PBXBuildFile section */

/* Begin PBXContainerItemProxy section */
		27FEA252220E95A000D9A0F4 /* PBXContainerItemProxy */ = {
			isa = PBXContainerItemProxy;
			containerPortal = 27FEA232220E959D00D9A0F4 /* Project object */;
			proxyType = 1;
			remoteGlobalIDString = 27FEA239220E959D00D9A0F4;
			remoteInfo = ContactsApp;
		};
/* End PBXContainerItemProxy section */

/* Begin PBXFileReference section */
		27FEA23A220E959D00D9A0F4 /* ContactsApp.app */ = {isa = PBXFileReference; explicitFileType = wrapper.application; includeInIndex = 0; path = ContactsApp.app; sourceTree = BUILT_PRODUCTS_DIR; };
		27FEA23D220E959D00D9A0F4 /* AppDelegate.swift */ = {isa = PBXFileReference; lastKnownFileType = sourcecode.swift; path = AppDelegate.swift; sourceTree = "<group>"; };
		27FEA23F220E959D00D9A0F4 /* ViewController.swift */ = {isa = PBXFileReference; lastKnownFileType = sourcecode.swift; path = ViewController.swift; sourceTree = "<group>"; };
		27FEA242220E959D00D9A0F4 /* Base */ = {isa = PBXFileReference; lastKnownFileType = file.storyboard; name = Base; path = Base.lproj/Main.storyboard; sourceTree = "<group>"; };
		27FEA245220E959D00D9A0F4 /* ContactsApp.xcdatamodel */ = {isa = PBXFileReference; lastKnownFileType = wrapper.xcdatamodel; path = ContactsApp.xcdatamodel; sourceTree = "<group>"; };
		27FEA247220E95A000D9A0F4 /* Assets.xcassets */ = {isa = PBXFileReference; lastKnownFileType = folder.assetcatalog; path = Assets.xcassets; sourceTree = "<group>"; };
		27FEA24A220E95A000D9A0F4 /* Base */ = {isa = PBXFileReference; lastKnownFileType = file.storyboard; name = Base; path = Base.lproj/LaunchScreen.storyboard; sourceTree = "<group>"; };
		27FEA24C220E95A000D9A0F4 /* Info.plist */ = {isa = PBXFileReference; lastKnownFileType = text.plist.xml; path = Info.plist; sourceTree = "<group>"; };
		27FEA251220E95A000D9A0F4 /* ContactsAppTests.xctest */ = {isa = PBXFileReference; explicitFileType = wrapper.cfbundle; includeInIndex = 0; path = ContactsAppTests.xctest; sourceTree = BUILT_PRODUCTS_DIR; };
		27FEA255220E95A000D9A0F4 /* ContactsAppTests.swift */ = {isa = PBXFileReference; lastKnownFileType = sourcecode.swift; path = ContactsAppTests.swift; sourceTree = "<group>"; };
		27FEA257220E95A000D9A0F4 /* Info.plist */ = {isa = PBXFileReference; lastKnownFileType = text.plist.xml; path = Info.plist; sourceTree = "<group>"; };
/* End PBXFileReference section */

/* Begin PBXFrameworksBuildPhase section */
		27FEA237220E959D00D9A0F4 /* Frameworks */ = {
			isa = PBXFrameworksBuildPhase;
			buildActionMask = 2147483647;
			files = (
			);
			runOnlyForDeploymentPostprocessing = 0;
		};
		27FEA24E220E95A000D9A0F4 /* Frameworks */ = {
			isa = PBXFrameworksBuildPhase;
			buildActionMask = 2147483647;
			files = (
			);
			runOnlyForDeploymentPostprocessing = 0;
		};
/* End PBXFrameworksBuildPhase section */

/* Begin PBXGroup section */
		27FEA231220E959D00D9A0F4 = {
			isa = PBXGroup;
			children = (
				27FEA23C220E959D00D9A0F4 /* ContactsApp */,
				27FEA254220E95A000D9A0F4 /* ContactsAppTests */,
				27FEA23B220E959D00D9A0F4 /* Products */,
			);
			sourceTree = "<group>";
		};
		27FEA23B220E959D00D9A0F4 /* Products */ = {
			isa = PBXGroup;
			children = (
				27FEA23A220E959D00D9A0F4 /* ContactsApp.app */,
				27FEA251220E95A000D9A0F4 /* ContactsAppTests.xctest */,
			);
			name = Products;
			sourceTree = "<group>";
		};
		27FEA23C220E959D00D9A0F4 /* ContactsApp */ = {
			isa = PBXGroup;
			children = (
				27FEA23D220E959D00D9A0F4 /* AppDelegate.swift */,
				27FEA23F220E959D00D9A0F4 /* ViewController.swift */,
				27FEA241220E959D00D9A0F4 /* Main.storyboard */,
				27FEA247220E95A000D9A0F4 /* Assets.xcassets */,
				27FEA249220E95A000D9A0F4 /* LaunchScreen.storyboard */,
				27FEA24C220E95A000D9A0F4 /* Info.plist */,
				27FEA244220E959D00D9A0F4 /* ContactsApp.xcdatamodeld */,
			);
			path = ContactsApp;
			sourceTree = "<group>";
		};
		27FEA254220E95A000D9A0F4 /* ContactsAppTests */ = {
			isa = PBXGroup;
			children = (
				27FEA255220E95A000D9A0F4 /* ContactsAppTests.swift */,
				27FEA257220E95A000D9A0F4 /* Info.plist */,
			);
			path = ContactsAppTests;
			sourceTree = "<group>";
		};
/* End PBXGroup section */

/* Begin PBXNativeTarget section */
		27FEA239220E959D00D9A0F4 /* ContactsApp */ = {
			isa = PBXNativeTarget;
			buildConfigurationList = 27FEA25A220E95A000D9A0F4 /* Build configuration list for PBXNativeTarget "ContactsApp" */;
			buildPhases = (
				27FEA236220E959D00D9A0F4 /* Sources */,
				27FEA237220E959D00D9A0F4 /* Frameworks */,
				27FEA238220E959D00D9A0F4 /* Resources */,
			);
			buildRules = (
			);
			dependencies = (
			);
			name = ContactsApp;
			productName = ContactsApp;
			productReference = 27FEA23A220E959D00D9A0F4 /* ContactsApp.app */;
			productType = "com.apple.product-type.application";
		};
		27FEA250220E95A000D9A0F4 /* ContactsAppTests */ = {
			isa = PBXNativeTarget;
			buildConfigurationList = 27FEA25D220E95A000D9A0F4 /* Build configuration list for PBXNativeTarget "ContactsAppTests" */;
			buildPhases = (
				27FEA24D220E95A000D9A0F4 /* Sources */,
				27FEA24E220E95A000D9A0F4 /* Frameworks */,
				27FEA24F220E95A000D9A0F4 /* Resources */,
			);
			buildRules = (
			);
			dependencies = (
				27FEA253220E95A000D9A0F4 /* PBXTargetDependency */,
			);
			name = ContactsAppTests;
			productName = ContactsAppTests;
			productReference = 27FEA251220E95A000D9A0F4 /* ContactsAppTests.xctest */;
			productType = "com.apple.product-type.bundle.unit-test";
		};
/* End PBXNativeTarget section */

/* Begin PBXProject section */
		27FEA232220E959D00D9A0F4 /* Project object */ = {
			isa = PBXProject;
			attributes = {
				LastSwiftUpdateCheck = 1010;
				LastUpgradeCheck = 1010;
				ORGANIZATIONNAME = "Pavan Powani";
				TargetAttributes = {
					27FEA239220E959D00D9A0F4 = {
						CreatedOnToolsVersion = 10.1;
					};
					27FEA250220E95A000D9A0F4 = {
						CreatedOnToolsVersion = 10.1;
						TestTargetID = 27FEA239220E959D00D9A0F4;
					};
				};
			};
			buildConfigurationList = 27FEA235220E959D00D9A0F4 /* Build configuration list for PBXProject "ContactsApp" */;
			compatibilityVersion = "Xcode 9.3";
			developmentRegion = en;
			hasScannedForEncodings = 0;
			knownRegions = (
				en,
				Base,
			);
			mainGroup = 27FEA231220E959D00D9A0F4;
			productRefGroup = 27FEA23B220E959D00D9A0F4 /* Products */;
			projectDirPath = "";
			projectRoot = "";
			targets = (
				27FEA239220E959D00D9A0F4 /* ContactsApp */,
				27FEA250220E95A000D9A0F4 /* ContactsAppTests */,
			);
		};
/* End PBXProject section */

/* Begin PBXResourcesBuildPhase section */
		27FEA238220E959D00D9A0F4 /* Resources */ = {
			isa = PBXResourcesBuildPhase;
			buildActionMask = 2147483647;
			files = (
				27FEA24B220E95A000D9A0F4 /* LaunchScreen.storyboard in Resources */,
				27FEA248220E95A000D9A0F4 /* Assets.xcassets in Resources */,
				27FEA243220E959D00D9A0F4 /* Main.storyboard in Resources */,
			);
			runOnlyForDeploymentPostprocessing = 0;
		};
		27FEA24F220E95A000D9A0F4 /* Resources */ = {
			isa = PBXResourcesBuildPhase;
			buildActionMask = 2147483647;
			files = (
			);
			runOnlyForDeploymentPostprocessing = 0;
		};
/* End PBXResourcesBuildPhase section */

/* Begin PBXSourcesBuildPhase section */
		27FEA236220E959D00D9A0F4 /* Sources */ = {
			isa = PBXSourcesBuildPhase;
			buildActionMask = 2147483647;
			files = (
				27FEA246220E959D00D9A0F4 /* ContactsApp.xcdatamodeld in Sources */,
				27FEA240220E959D00D9A0F4 /* ViewController.swift in Sources */,
				27FEA23E220E959D00D9A0F4 /* AppDelegate.swift in Sources */,
			);
			runOnlyForDeploymentPostprocessing = 0;
		};
		27FEA24D220E95A000D9A0F4 /* Sources */ = {
			isa = PBXSourcesBuildPhase;
			buildActionMask = 2147483647;
			files = (
				27FEA256220E95A000D9A0F4 /* ContactsAppTests.swift in Sources */,
			);
			runOnlyForDeploymentPostprocessing = 0;
		};
/* End PBXSourcesBuildPhase section */

/* Begin PBXTargetDependency section */
		27FEA253220E95A000D9A0F4 /* PBXTargetDependency */ = {
			isa = PBXTargetDependency;
			target = 27FEA239220E959D00D9A0F4 /* ContactsApp */;
			targetProxy = 27FEA252220E95A000D9A0F4 /* PBXContainerItemProxy */;
		};
/* End PBXTargetDependency section */

/* Begin PBXVariantGroup section */
		27FEA241220E959D00D9A0F4 /* Main.storyboard */ = {
			isa = PBXVariantGroup;
			children = (
				27FEA242220E959D00D9A0F4 /* Base */,
			);
			name = Main.storyboard;
			sourceTree = "<group>";
		};
		27FEA249220E95A000D9A0F4 /* LaunchScreen.storyboard */ = {
			isa = PBXVariantGroup;
			children = (
				27FEA24A220E95A000D9A0F4 /* Base */,
			);
			name = LaunchScreen.storyboard;
			sourceTree = "<group>";
		};
/* End PBXVariantGroup section */

/* Begin XCBuildConfiguration section */
		27FEA258220E95A000D9A0F4 /* Debug */ = {
			isa = XCBuildConfiguration;
			buildSettings = {
				ALWAYS_SEARCH_USER_PATHS = NO;
				CLANG_ANALYZER_NONNULL = YES;
				CLANG_ANALYZER_NUMBER_OBJECT_CONVERSION = YES_AGGRESSIVE;
				CLANG_CXX_LANGUAGE_STANDARD = "gnu++14";
				CLANG_CXX_LIBRARY = "libc++";
				CLANG_ENABLE_MODULES = YES;
				CLANG_ENABLE_OBJC_ARC = YES;
				CLANG_ENABLE_OBJC_WEAK = YES;
				CLANG_WARN_BLOCK_CAPTURE_AUTORELEASING = YES;
				CLANG_WARN_BOOL_CONVERSION = YES;
				CLANG_WARN_COMMA = YES;
				CLANG_WARN_CONSTANT_CONVERSION = YES;
				CLANG_WARN_DEPRECATED_OBJC_IMPLEMENTATIONS = YES;
				CLANG_WARN_DIRECT_OBJC_ISA_USAGE = YES_ERROR;
				CLANG_WARN_DOCUMENTATION_COMMENTS = YES;
				CLANG_WARN_EMPTY_BODY = YES;
				CLANG_WARN_ENUM_CONVERSION = YES;
				CLANG_WARN_INFINITE_RECURSION = YES;
				CLANG_WARN_INT_CONVERSION = YES;
				CLANG_WARN_NON_LITERAL_NULL_CONVERSION = YES;
				CLANG_WARN_OBJC_IMPLICIT_RETAIN_SELF = YES;
				CLANG_WARN_OBJC_LITERAL_CONVERSION = YES;
				CLANG_WARN_OBJC_ROOT_CLASS = YES_ERROR;
				CLANG_WARN_RANGE_LOOP_ANALYSIS = YES;
				CLANG_WARN_STRICT_PROTOTYPES = YES;
				CLANG_WARN_SUSPICIOUS_MOVE = YES;
				CLANG_WARN_UNGUARDED_AVAILABILITY = YES_AGGRESSIVE;
				CLANG_WARN_UNREACHABLE_CODE = YES;
				CLANG_WARN__DUPLICATE_METHOD_MATCH = YES;
				CODE_SIGN_IDENTITY = "iPhone Developer";
				COPY_PHASE_STRIP = NO;
				DEBUG_INFORMATION_FORMAT = dwarf;
				ENABLE_STRICT_OBJC_MSGSEND = YES;
				ENABLE_TESTABILITY = YES;
				GCC_C_LANGUAGE_STANDARD = gnu11;
				GCC_DYNAMIC_NO_PIC = NO;
				GCC_NO_COMMON_BLOCKS = YES;
				GCC_OPTIMIZATION_LEVEL = 0;
				GCC_PREPROCESSOR_DEFINITIONS = (
					"DEBUG=1",
					"$(inherited)",
				);
				GCC_WARN_64_TO_32_BIT_CONVERSION = YES;
				GCC_WARN_ABOUT_RETURN_TYPE = YES_ERROR;
				GCC_WARN_UNDECLARED_SELECTOR = YES;
				GCC_WARN_UNINITIALIZED_AUTOS = YES_AGGRESSIVE;
				GCC_WARN_UNUSED_FUNCTION = YES;
				GCC_WARN_UNUSED_VARIABLE = YES;
				IPHONEOS_DEPLOYMENT_TARGET = 12.1;
				MTL_ENABLE_DEBUG_INFO = INCLUDE_SOURCE;
				MTL_FAST_MATH = YES;
				ONLY_ACTIVE_ARCH = YES;
				SDKROOT = iphoneos;
				SWIFT_ACTIVE_COMPILATION_CONDITIONS = DEBUG;
				SWIFT_OPTIMIZATION_LEVEL = "-Onone";
			};
			name = Debug;
		};
		27FEA259220E95A000D9A0F4 /* Release */ = {
			isa = XCBuildConfiguration;
			buildSettings = {
				ALWAYS_SEARCH_USER_PATHS = NO;
				CLANG_ANALYZER_NONNULL = YES;
				CLANG_ANALYZER_NUMBER_OBJECT_CONVERSION = YES_AGGRESSIVE;
				CLANG_CXX_LANGUAGE_STANDARD = "gnu++14";
				CLANG_CXX_LIBRARY = "libc++";
				CLANG_ENABLE_MODULES = YES;
				CLANG_ENABLE_OBJC_ARC = YES;
				CLANG_ENABLE_OBJC_WEAK = YES;
				CLANG_WARN_BLOCK_CAPTURE_AUTORELEASING = YES;
				CLANG_WARN_BOOL_CONVERSION = YES;
				CLANG_WARN_COMMA = YES;
				CLANG_WARN_CONSTANT_CONVERSION = YES;
				CLANG_WARN_DEPRECATED_OBJC_IMPLEMENTATIONS = YES;
				CLANG_WARN_DIRECT_OBJC_ISA_USAGE = YES_ERROR;
				CLANG_WARN_DOCUMENTATION_COMMENTS = YES;
				CLANG_WARN_EMPTY_BODY = YES;
				CLANG_WARN_ENUM_CONVERSION = YES;
				CLANG_WARN_INFINITE_RECURSION = YES;
				CLANG_WARN_INT_CONVERSION = YES;
				CLANG_WARN_NON_LITERAL_NULL_CONVERSION = YES;
				CLANG_WARN_OBJC_IMPLICIT_RETAIN_SELF = YES;
				CLANG_WARN_OBJC_LITERAL_CONVERSION = YES;
				CLANG_WARN_OBJC_ROOT_CLASS = YES_ERROR;
				CLANG_WARN_RANGE_LOOP_ANALYSIS = YES;
				CLANG_WARN_STRICT_PROTOTYPES = YES;
				CLANG_WARN_SUSPICIOUS_MOVE = YES;
				CLANG_WARN_UNGUARDED_AVAILABILITY = YES_AGGRESSIVE;
				CLANG_WARN_UNREACHABLE_CODE = YES;
				CLANG_WARN__DUPLICATE_METHOD_MATCH = YES;
				CODE_SIGN_IDENTITY = "iPhone Developer";
				COPY_PHASE_STRIP = NO;
				DEBUG_INFORMATION_FORMAT = "dwarf-with-dsym";
				ENABLE_NS_ASSERTIONS = NO;
				ENABLE_STRICT_OBJC_MSGSEND = YES;
				GCC_C_LANGUAGE_STANDARD = gnu11;
				GCC_NO_COMMON_BLOCKS = YES;
				GCC_WARN_64_TO_32_BIT_CONVERSION = YES;
				GCC_WARN_ABOUT_RETURN_TYPE = YES_ERROR;
				GCC_WARN_UNDECLARED_SELECTOR = YES;
				GCC_WARN_UNINITIALIZED_AUTOS = YES_AGGRESSIVE;
				GCC_WARN_UNUSED_FUNCTION = YES;
				GCC_WARN_UNUSED_VARIABLE = YES;
				IPHONEOS_DEPLOYMENT_TARGET = 12.1;
				MTL_ENABLE_DEBUG_INFO = NO;
				MTL_FAST_MATH = YES;
				SDKROOT = iphoneos;
				SWIFT_COMPILATION_MODE = wholemodule;
				SWIFT_OPTIMIZATION_LEVEL = "-O";
				VALIDATE_PRODUCT = YES;
			};
			name = Release;
		};
		27FEA25B220E95A000D9A0F4 /* Debug */ = {
			isa = XCBuildConfiguration;
			buildSettings = {
				ASSETCATALOG_COMPILER_APPICON_NAME = AppIcon;
				CODE_SIGN_STYLE = Automatic;
				DEVELOPMENT_TEAM = P57823DZ5M;
				INFOPLIST_FILE = ContactsApp/Info.plist;
				LD_RUNPATH_SEARCH_PATHS = (
					"$(inherited)",
					"@executable_path/Frameworks",
				);
				PRODUCT_BUNDLE_IDENTIFIER = com.pavanpowani.ContactsApp;
				PRODUCT_NAME = "$(TARGET_NAME)";
				SWIFT_VERSION = 4.2;
				TARGETED_DEVICE_FAMILY = "1,2";
			};
			name = Debug;
		};
		27FEA25C220E95A000D9A0F4 /* Release */ = {
			isa = XCBuildConfiguration;
			buildSettings = {
				ASSETCATALOG_COMPILER_APPICON_NAME = AppIcon;
				CODE_SIGN_STYLE = Automatic;
				DEVELOPMENT_TEAM = P57823DZ5M;
				INFOPLIST_FILE = ContactsApp/Info.plist;
				LD_RUNPATH_SEARCH_PATHS = (
					"$(inherited)",
					"@executable_path/Frameworks",
				);
				PRODUCT_BUNDLE_IDENTIFIER = com.pavanpowani.ContactsApp;
				PRODUCT_NAME = "$(TARGET_NAME)";
				SWIFT_VERSION = 4.2;
				TARGETED_DEVICE_FAMILY = "1,2";
			};
			name = Release;
		};
		27FEA25E220E95A000D9A0F4 /* Debug */ = {
			isa = XCBuildConfiguration;
			buildSettings = {
				ALWAYS_EMBED_SWIFT_STANDARD_LIBRARIES = YES;
				BUNDLE_LOADER = "$(TEST_HOST)";
				CODE_SIGN_STYLE = Automatic;
				DEVELOPMENT_TEAM = P57823DZ5M;
				INFOPLIST_FILE = ContactsAppTests/Info.plist;
				LD_RUNPATH_SEARCH_PATHS = (
					"$(inherited)",
					"@executable_path/Frameworks",
					"@loader_path/Frameworks",
				);
				PRODUCT_BUNDLE_IDENTIFIER = com.pavanpowani.ContactsAppTests;
				PRODUCT_NAME = "$(TARGET_NAME)";
				SWIFT_VERSION = 4.2;
				TARGETED_DEVICE_FAMILY = "1,2";
				TEST_HOST = "$(BUILT_PRODUCTS_DIR)/ContactsApp.app/ContactsApp";
			};
			name = Debug;
		};
		27FEA25F220E95A000D9A0F4 /* Release */ = {
			isa = XCBuildConfiguration;
			buildSettings = {
				ALWAYS_EMBED_SWIFT_STANDARD_LIBRARIES = YES;
				BUNDLE_LOADER = "$(TEST_HOST)";
				CODE_SIGN_STYLE = Automatic;
				DEVELOPMENT_TEAM = P57823DZ5M;
				INFOPLIST_FILE = ContactsAppTests/Info.plist;
				LD_RUNPATH_SEARCH_PATHS = (
					"$(inherited)",
					"@executable_path/Frameworks",
					"@loader_path/Frameworks",
				);
				PRODUCT_BUNDLE_IDENTIFIER = com.pavanpowani.ContactsAppTests;
				PRODUCT_NAME = "$(TARGET_NAME)";
				SWIFT_VERSION = 4.2;
				TARGETED_DEVICE_FAMILY = "1,2";
				TEST_HOST = "$(BUILT_PRODUCTS_DIR)/ContactsApp.app/ContactsApp";
			};
			name = Release;
		};
/* End XCBuildConfiguration section */

/* Begin XCConfigurationList section */
		27FEA235220E959D00D9A0F4 /* Build configuration list for PBXProject "ContactsApp" */ = {
			isa = XCConfigurationList;
			buildConfigurations = (
				27FEA258220E95A000D9A0F4 /* Debug */,
				27FEA259220E95A000D9A0F4 /* Release */,
			);
			defaultConfigurationIsVisible = 0;
			defaultConfigurationName = Release;
		};
		27FEA25A220E95A000D9A0F4 /* Build configuration list for PBXNativeTarget "ContactsApp" */ = {
			isa = XCConfigurationList;
			buildConfigurations = (
				27FEA25B220E95A000D9A0F4 /* Debug */,
				27FEA25C220E95A000D9A0F4 /* Release */,
			);
			defaultConfigurationIsVisible = 0;
			defaultConfigurationName = Release;
		};
		27FEA25D220E95A000D9A0F4 /* Build configuration list for PBXNativeTarget "ContactsAppTests" */ = {
			isa = XCConfigurationList;
			buildConfigurations = (
				27FEA25E220E95A000D9A0F4 /* Debug */,
				27FEA25F220E95A000D9A0F4 /* Release */,
			);
			defaultConfigurationIsVisible = 0;
			defaultConfigurationName = Release;
		};
/* End XCConfigurationList section */

/* Begin XCVersionGroup section */
		27FEA244220E959D00D9A0F4 /* ContactsApp.xcdatamodeld */ = {
			isa = XCVersionGroup;
			children = (
				27FEA245220E959D00D9A0F4 /* ContactsApp.xcdatamodel */,
			);
			currentVersion = 27FEA245220E959D00D9A0F4 /* ContactsApp.xcdatamodel */;
			path = ContactsApp.xcdatamodeld;
			sourceTree = "<group>";
			versionGroupType = wrapper.xcdatamodel;
		};
/* End XCVersionGroup section */
	};
	rootObject = 27FEA232220E959D00D9A0F4 /* Project object */;
}
